{
  "requires": true,
  "lockfileVersion": 1,
  "dependencies": {
    "fsevents": {
      "version": "2.2.2",
      "resolved": "https://registry.npmjs.org/fsevents/-/fsevents-2.2.2.tgz",
      "integrity": "sha512-xJEn9cTLpaYpLA/ACD3wjQRA7unhS0b7veAzx6F8cVhi8yjwjAPzHsVibMIAWwwMVHixe6WqoFXlc36FsNM80w==",
      "dev": true,
      "optional": true
    },
    "preact-iso": {
      "version": "0.2.0",
      "resolved": "https://registry.npmjs.org/preact-iso/-/preact-iso-0.2.0.tgz",
      "integrity": "sha512-p8FJRt55aXpb2TAL3JsiTP1YJm7XqIXb8mf7LVrMNoQRHW0VvqXNvIFYmHOIJArGlIIOb2v1w9o6/edOnSQFvA=="
    },
    "wmr": {
      "version": "1.1.0",
      "resolved": "https://registry.npmjs.org/wmr/-/wmr-1.1.0.tgz",
      "integrity": "sha512-ELll+l3wegNmYmPLoWUnPBzlv20we4zlM7jfKqP1tzYus8HUil65e8tNug2Vxbd++ROtT9qL54Qmo0DRze66tQ==",
      "dev": true,
      "requires": {
        "fsevents": "^2.1.3"
      }
    }
  }
}
